
Microsoft Visual Studio Solution File, Format Version 12.00
# Visual Studio 15
VisualStudioVersion = 15.0.26403.7
MinimumVisualStudioVersion = 10.0.40219.1
Project("{FAE04EC0-301F-11D3-BF4B-00C04F79EFBC}") = "DIA.Web", "DIA.Web\DIA.Web.csproj", "{97C3B437-05A0-44FF-8F3C-4DB69195A254}"
EndProject
Project("{FAE04EC0-301F-11D3-BF4B-00C04F79EFBC}") = "DIA.Services", "DIA.Services\DIA.Services.csproj", "{59365228-437B-44C2-A4CB-E8832CEFB227}"
EndProject
Project("{FAE04EC0-301F-11D3-BF4B-00C04F79EFBC}") = "DIA.Entities", "DIA.Entities\DIA.Entities.csproj", "{6D158021-7926-4CFC-BD3B-53B9DFAD5E77}"
EndProject
Global
	GlobalSection(SolutionConfigurationPlatforms) = preSolution
		Debug|Any CPU = Debug|Any CPU
		Release|Any CPU = Release|Any CPU
	EndGlobalSection
	GlobalSection(ProjectConfigurationPlatforms) = postSolution
		{97C3B437-05A0-44FF-8F3C-4DB69195A254}.Debug|Any CPU.ActiveCfg = Debug|Any CPU
		{97C3B437-05A0-44FF-8F3C-4DB69195A254}.Debug|Any CPU.Build.0 = Debug|Any CPU
		{97C3B437-05A0-44FF-8F3C-4DB69195A254}.Release|Any CPU.ActiveCfg = Release|Any CPU
		{97C3B437-05A0-44FF-8F3C-4DB69195A254}.Release|Any CPU.Build.0 = Release|Any CPU
		{59365228-437B-44C2-A4CB-E8832CEFB227}.Debug|Any CPU.ActiveCfg = Debug|Any CPU
		{59365228-437B-44C2-A4CB-E8832CEFB227}.Debug|Any CPU.Build.0 = Debug|Any CPU
		{59365228-437B-44C2-A4CB-E8832CEFB227}.Release|Any CPU.ActiveCfg = Release|Any CPU
		{59365228-437B-44C2-A4CB-E8832CEFB227}.Release|Any CPU.Build.0 = Release|Any CPU
		{6D158021-7926-4CFC-BD3B-53B9DFAD5E77}.Debug|Any CPU.ActiveCfg = Debug|Any CPU
		{6D158021-7926-4CFC-BD3B-53B9DFAD5E77}.Debug|Any CPU.Build.0 = Debug|Any CPU
		{6D158021-7926-4CFC-BD3B-53B9DFAD5E77}.Release|Any CPU.ActiveCfg = Release|Any CPU
		{6D158021-7926-4CFC-BD3B-53B9DFAD5E77}.Release|Any CPU.Build.0 = Release|Any CPU
	EndGlobalSection
	GlobalSection(SolutionProperties) = preSolution
		HideSolutionNode = FALSE
	EndGlobalSection
EndGlobal
